
Microsoft Visual Studio Solution File, Format Version 11.00
# Visual Studio 2010
Project("{FAE04EC0-301F-11D3-BF4B-00C04F79EFBC}") = "RS-RAID_Test", "RS-RAID_Test\RS-RAID_Test.csproj", "{64101F13-E506-425D-99E8-280E98218DA9}"
EndProject
Project("{FAE04EC0-301F-11D3-BF4B-00C04F79EFBC}") = "Common", "..\Common\Common\Common.csproj", "{CE1D39CE-068D-4427-8E08-678B9A835E34}"
EndProject
Project("{FAE04EC0-301F-11D3-BF4B-00C04F79EFBC}") = "RS-RAID", "..\RS-RAID\RS-RAID\RS-RAID.csproj", "{4812BA70-4ED4-435D-B5DA-F6E6D2EC5176}"
EndProject
Global
	GlobalSection(SolutionConfigurationPlatforms) = preSolution
		Debug|Any CPU = Debug|Any CPU
		Release|Any CPU = Release|Any CPU
	EndGlobalSection
	GlobalSection(ProjectConfigurationPlatforms) = postSolution
		{64101F13-E506-425D-99E8-280E98218DA9}.Debug|Any CPU.ActiveCfg = Debug|Any CPU
		{64101F13-E506-425D-99E8-280E98218DA9}.Debug|Any CPU.Build.0 = Debug|Any CPU
		{64101F13-E506-425D-99E8-280E98218DA9}.Release|Any CPU.ActiveCfg = Release|Any CPU
		{64101F13-E506-425D-99E8-280E98218DA9}.Release|Any CPU.Build.0 = Release|Any CPU
		{CE1D39CE-068D-4427-8E08-678B9A835E34}.Debug|Any CPU.ActiveCfg = Debug|Any CPU
		{CE1D39CE-068D-4427-8E08-678B9A835E34}.Debug|Any CPU.Build.0 = Debug|Any CPU
		{CE1D39CE-068D-4427-8E08-678B9A835E34}.Release|Any CPU.ActiveCfg = Release|Any CPU
		{CE1D39CE-068D-4427-8E08-678B9A835E34}.Release|Any CPU.Build.0 = Release|Any CPU
		{4812BA70-4ED4-435D-B5DA-F6E6D2EC5176}.Debug|Any CPU.ActiveCfg = Debug|Any CPU
		{4812BA70-4ED4-435D-B5DA-F6E6D2EC5176}.Debug|Any CPU.Build.0 = Debug|Any CPU
		{4812BA70-4ED4-435D-B5DA-F6E6D2EC5176}.Release|Any CPU.ActiveCfg = Release|Any CPU
		{4812BA70-4ED4-435D-B5DA-F6E6D2EC5176}.Release|Any CPU.Build.0 = Release|Any CPU
	EndGlobalSection
	GlobalSection(SolutionProperties) = preSolution
		HideSolutionNode = FALSE
	EndGlobalSection
EndGlobal
